
Microsoft Visual Studio Solution File, Format Version 12.00
# Visual Studio Version 17
VisualStudioVersion = 17.9.34723.18
MinimumVisualStudioVersion = 10.0.40219.1
Project("{8BC9CEB8-8B4A-11D0-8D11-00A0C91BC942}") = "Task 1", "Task 1.vcxproj", "{B2A995F7-3099-4B72-9D81-9F43E08CD4D9}"
EndProject
Global
	GlobalSection(SolutionConfigurationPlatforms) = preSolution
		Debug|x64 = Debug|x64
		Debug|x86 = Debug|x86
		Release|x64 = Release|x64
		Release|x86 = Release|x86
	EndGlobalSection
	GlobalSection(ProjectConfigurationPlatforms) = postSolution
		{B2A995F7-3099-4B72-9D81-9F43E08CD4D9}.Debug|x64.ActiveCfg = Debug|x64
		{B2A995F7-3099-4B72-9D81-9F43E08CD4D9}.Debug|x64.Build.0 = Debug|x64
		{B2A995F7-3099-4B72-9D81-9F43E08CD4D9}.Debug|x86.ActiveCfg = Debug|Win32
		{B2A995F7-3099-4B72-9D81-9F43E08CD4D9}.Debug|x86.Build.0 = Debug|Win32
		{B2A995F7-3099-4B72-9D81-9F43E08CD4D9}.Release|x64.ActiveCfg = Release|x64
		{B2A995F7-3099-4B72-9D81-9F43E08CD4D9}.Release|x64.Build.0 = Release|x64
		{B2A995F7-3099-4B72-9D81-9F43E08CD4D9}.Release|x86.ActiveCfg = Release|Win32
		{B2A995F7-3099-4B72-9D81-9F43E08CD4D9}.Release|x86.Build.0 = Release|Win32
	EndGlobalSection
	GlobalSection(SolutionProperties) = preSolution
		HideSolutionNode = FALSE
	EndGlobalSection
	GlobalSection(ExtensibilityGlobals) = postSolution
		SolutionGuid = {B61C54D0-70EB-477F-8AAF-F42BD3D1457F}
	EndGlobalSection
EndGlobal
